
Microsoft Visual Studio Solution File, Format Version 12.00
# Visual Studio Version 17
VisualStudioVersion = 17.0.31903.59
MinimumVisualStudioVersion = 10.0.40219.1
Project("{2150E333-8FDC-42A3-9474-1A3956D46DE8}") = "backend", "backend", "{7429D1A7-1E9E-43AC-8DCA-D994F003157E}"
EndProject
Project("{FAE04EC0-301F-11D3-BF4B-00C04F79EFBC}") = "ChatToDashboard.Api", "backend\ChatToDashboard.Api\ChatToDashboard.Api.csproj", "{BC50C72B-8D95-4B07-A7DD-32120BBFDE0E}"
EndProject
Global
	GlobalSection(SolutionConfigurationPlatforms) = preSolution
		Debug|Any CPU = Debug|Any CPU
		Release|Any CPU = Release|Any CPU
	EndGlobalSection
	GlobalSection(SolutionProperties) = preSolution
		HideSolutionNode = FALSE
	EndGlobalSection
	GlobalSection(ProjectConfigurationPlatforms) = postSolution
		{BC50C72B-8D95-4B07-A7DD-32120BBFDE0E}.Debug|Any CPU.ActiveCfg = Debug|Any CPU
		{BC50C72B-8D95-4B07-A7DD-32120BBFDE0E}.Debug|Any CPU.Build.0 = Debug|Any CPU
		{BC50C72B-8D95-4B07-A7DD-32120BBFDE0E}.Release|Any CPU.ActiveCfg = Release|Any CPU
		{BC50C72B-8D95-4B07-A7DD-32120BBFDE0E}.Release|Any CPU.Build.0 = Release|Any CPU
	EndGlobalSection
	GlobalSection(NestedProjects) = preSolution
		{BC50C72B-8D95-4B07-A7DD-32120BBFDE0E} = {7429D1A7-1E9E-43AC-8DCA-D994F003157E}
	EndGlobalSection
EndGlobal
